
Microsoft Visual Studio Solution File, Format Version 12.00
# Visual Studio Version 17
VisualStudioVersion = 17.10.34928.147
MinimumVisualStudioVersion = 10.0.40219.1
Project("{9A19103F-16F7-4668-BE54-9A1E7A4F7556}") = "DriveCoin", "DriveCoin\DriveCoin.csproj", "{A6C7DF44-3E0C-462B-B4A5-5E07BE84E3B1}"
EndProject
Project("{2150E333-8FDC-42A3-9474-1A3956D46DE8}") = "migrations", "migrations", "{0558A0BE-41B3-4917-A94B-FD4725BCF62D}"
EndProject
Project("{2150E333-8FDC-42A3-9474-1A3956D46DE8}") = "src", "src", "{567E31C2-C4B9-453C-AE03-A4E007CC0B74}"
EndProject
Project("{9A19103F-16F7-4668-BE54-9A1E7A4F7556}") = "Data", "Data\Data.csproj", "{082F7747-19D8-4D41-A4CA-76DCCB7CF1ED}"
EndProject
Project("{9A19103F-16F7-4668-BE54-9A1E7A4F7556}") = "Data.PostgreSQLMigration", "Data.PostgreSQLMigration\Data.PostgreSQLMigration.csproj", "{17B08F77-7357-4A13-A76D-6D98A1AB52F7}"
EndProject
Project("{9A19103F-16F7-4668-BE54-9A1E7A4F7556}") = "Infrastructure", "Infrastructure\Infrastructure.csproj", "{C561A1EC-03E3-4F62-9B30-1E4C6F69551D}"
EndProject
Project("{9A19103F-16F7-4668-BE54-9A1E7A4F7556}") = "Domain", "Domain\Domain.csproj", "{D74AE027-1F94-4D86-B7F4-86266AA855AF}"
EndProject
Project("{9A19103F-16F7-4668-BE54-9A1E7A4F7556}") = "API", "API\API.csproj", "{A370EB02-2C23-41D3-820E-8D92C59BB68A}"
EndProject
Project("{9A19103F-16F7-4668-BE54-9A1E7A4F7556}") = "DTO", "DTO\DTO.csproj", "{A2BBB215-9A84-4841-808E-9DE974785750}"
EndProject
Project("{FAE04EC0-301F-11D3-BF4B-00C04F79EFBC}") = "Common", "Common\Common.csproj", "{FCBFAA4F-534F-4CC8-94E1-22F12DA36F97}"
EndProject
Global
	GlobalSection(SolutionConfigurationPlatforms) = preSolution
		Debug|Any CPU = Debug|Any CPU
		Release|Any CPU = Release|Any CPU
	EndGlobalSection
	GlobalSection(ProjectConfigurationPlatforms) = postSolution
		{A6C7DF44-3E0C-462B-B4A5-5E07BE84E3B1}.Debug|Any CPU.ActiveCfg = Debug|Any CPU
		{A6C7DF44-3E0C-462B-B4A5-5E07BE84E3B1}.Debug|Any CPU.Build.0 = Debug|Any CPU
		{A6C7DF44-3E0C-462B-B4A5-5E07BE84E3B1}.Release|Any CPU.ActiveCfg = Release|Any CPU
		{A6C7DF44-3E0C-462B-B4A5-5E07BE84E3B1}.Release|Any CPU.Build.0 = Release|Any CPU
		{082F7747-19D8-4D41-A4CA-76DCCB7CF1ED}.Debug|Any CPU.ActiveCfg = Debug|Any CPU
		{082F7747-19D8-4D41-A4CA-76DCCB7CF1ED}.Debug|Any CPU.Build.0 = Debug|Any CPU
		{082F7747-19D8-4D41-A4CA-76DCCB7CF1ED}.Release|Any CPU.ActiveCfg = Release|Any CPU
		{082F7747-19D8-4D41-A4CA-76DCCB7CF1ED}.Release|Any CPU.Build.0 = Release|Any CPU
		{17B08F77-7357-4A13-A76D-6D98A1AB52F7}.Debug|Any CPU.ActiveCfg = Debug|Any CPU
		{17B08F77-7357-4A13-A76D-6D98A1AB52F7}.Debug|Any CPU.Build.0 = Debug|Any CPU
		{17B08F77-7357-4A13-A76D-6D98A1AB52F7}.Release|Any CPU.ActiveCfg = Release|Any CPU
		{17B08F77-7357-4A13-A76D-6D98A1AB52F7}.Release|Any CPU.Build.0 = Release|Any CPU
		{C561A1EC-03E3-4F62-9B30-1E4C6F69551D}.Debug|Any CPU.ActiveCfg = Debug|Any CPU
		{C561A1EC-03E3-4F62-9B30-1E4C6F69551D}.Debug|Any CPU.Build.0 = Debug|Any CPU
		{C561A1EC-03E3-4F62-9B30-1E4C6F69551D}.Release|Any CPU.ActiveCfg = Release|Any CPU
		{C561A1EC-03E3-4F62-9B30-1E4C6F69551D}.Release|Any CPU.Build.0 = Release|Any CPU
		{D74AE027-1F94-4D86-B7F4-86266AA855AF}.Debug|Any CPU.ActiveCfg = Debug|Any CPU
		{D74AE027-1F94-4D86-B7F4-86266AA855AF}.Debug|Any CPU.Build.0 = Debug|Any CPU
		{D74AE027-1F94-4D86-B7F4-86266AA855AF}.Release|Any CPU.ActiveCfg = Release|Any CPU
		{D74AE027-1F94-4D86-B7F4-86266AA855AF}.Release|Any CPU.Build.0 = Release|Any CPU
		{A370EB02-2C23-41D3-820E-8D92C59BB68A}.Debug|Any CPU.ActiveCfg = Debug|Any CPU
		{A370EB02-2C23-41D3-820E-8D92C59BB68A}.Debug|Any CPU.Build.0 = Debug|Any CPU
		{A370EB02-2C23-41D3-820E-8D92C59BB68A}.Release|Any CPU.ActiveCfg = Release|Any CPU
		{A370EB02-2C23-41D3-820E-8D92C59BB68A}.Release|Any CPU.Build.0 = Release|Any CPU
		{A2BBB215-9A84-4841-808E-9DE974785750}.Debug|Any CPU.ActiveCfg = Debug|Any CPU
		{A2BBB215-9A84-4841-808E-9DE974785750}.Debug|Any CPU.Build.0 = Debug|Any CPU
		{A2BBB215-9A84-4841-808E-9DE974785750}.Release|Any CPU.ActiveCfg = Release|Any CPU
		{A2BBB215-9A84-4841-808E-9DE974785750}.Release|Any CPU.Build.0 = Release|Any CPU
		{FCBFAA4F-534F-4CC8-94E1-22F12DA36F97}.Debug|Any CPU.ActiveCfg = Debug|Any CPU
		{FCBFAA4F-534F-4CC8-94E1-22F12DA36F97}.Debug|Any CPU.Build.0 = Debug|Any CPU
		{FCBFAA4F-534F-4CC8-94E1-22F12DA36F97}.Release|Any CPU.ActiveCfg = Release|Any CPU
		{FCBFAA4F-534F-4CC8-94E1-22F12DA36F97}.Release|Any CPU.Build.0 = Release|Any CPU
	EndGlobalSection
	GlobalSection(SolutionProperties) = preSolution
		HideSolutionNode = FALSE
	EndGlobalSection
	GlobalSection(NestedProjects) = preSolution
		{082F7747-19D8-4D41-A4CA-76DCCB7CF1ED} = {567E31C2-C4B9-453C-AE03-A4E007CC0B74}
		{17B08F77-7357-4A13-A76D-6D98A1AB52F7} = {0558A0BE-41B3-4917-A94B-FD4725BCF62D}
		{C561A1EC-03E3-4F62-9B30-1E4C6F69551D} = {567E31C2-C4B9-453C-AE03-A4E007CC0B74}
		{D74AE027-1F94-4D86-B7F4-86266AA855AF} = {567E31C2-C4B9-453C-AE03-A4E007CC0B74}
		{A370EB02-2C23-41D3-820E-8D92C59BB68A} = {567E31C2-C4B9-453C-AE03-A4E007CC0B74}
		{A2BBB215-9A84-4841-808E-9DE974785750} = {567E31C2-C4B9-453C-AE03-A4E007CC0B74}
		{FCBFAA4F-534F-4CC8-94E1-22F12DA36F97} = {567E31C2-C4B9-453C-AE03-A4E007CC0B74}
	EndGlobalSection
	GlobalSection(ExtensibilityGlobals) = postSolution
		SolutionGuid = {8173401B-9482-4038-8305-0937D23A8FC8}
	EndGlobalSection
EndGlobal
